
Microsoft Visual Studio Solution File, Format Version 12.00
# Visual Studio Version 17
VisualStudioVersion = 17.3.32922.545
MinimumVisualStudioVersion = 10.0.40219.1
Project("{8BC9CEB8-8B4A-11D0-8D11-00A0C91BC942}") = "Bai01", "Bai01\Bai01.vcxproj", "{93A44311-FA0F-4CB9-BF6E-BC98909568DF}"
EndProject
Project("{8BC9CEB8-8B4A-11D0-8D11-00A0C91BC942}") = "Bai02", "Bai02\Bai02.vcxproj", "{4C320B14-8B56-41BC-A4F2-E689AE42D8DC}"
EndProject
Project("{8BC9CEB8-8B4A-11D0-8D11-00A0C91BC942}") = "Bai03", "Bai03\Bai03.vcxproj", "{F7FCA01A-1187-4C13-B320-1A10256E4407}"
EndProject
Project("{8BC9CEB8-8B4A-11D0-8D11-00A0C91BC942}") = "Bai04", "Bai04\Bai04.vcxproj", "{1362BB39-C487-4CD2-A429-57A7EB08B205}"
EndProject
Project("{8BC9CEB8-8B4A-11D0-8D11-00A0C91BC942}") = "Bai05", "Bai05\Bai05.vcxproj", "{03C50BFA-4C39-447B-BAEE-BEDAF48845D4}"
EndProject
Project("{8BC9CEB8-8B4A-11D0-8D11-00A0C91BC942}") = "Bai06", "Bai06\Bai06.vcxproj", "{C4199857-9F32-4594-A7C4-35A7C3A18739}"
EndProject
Project("{8BC9CEB8-8B4A-11D0-8D11-00A0C91BC942}") = "Bai07", "Bai07\Bai07.vcxproj", "{2D30F004-B4DB-4414-B120-E1AB53764B60}"
EndProject
Project("{8BC9CEB8-8B4A-11D0-8D11-00A0C91BC942}") = "Bai08", "Bai08\Bai08.vcxproj", "{44840DC3-46CF-4987-A2E2-F010FA416217}"
EndProject
Project("{8BC9CEB8-8B4A-11D0-8D11-00A0C91BC942}") = "Bai09", "Bai09\Bai09.vcxproj", "{1A600C86-6ABD-4AB0-BC86-458A69CDA30F}"
EndProject
Project("{8BC9CEB8-8B4A-11D0-8D11-00A0C91BC942}") = "Bai10", "Bai10\Bai10.vcxproj", "{1398C939-3731-43C2-B391-1B695A49F5A2}"
EndProject
Project("{8BC9CEB8-8B4A-11D0-8D11-00A0C91BC942}") = "Bai11", "Bai11\Bai11.vcxproj", "{3A8B4D54-5A71-4A76-9997-D9672934AB42}"
EndProject
Project("{8BC9CEB8-8B4A-11D0-8D11-00A0C91BC942}") = "Bai12", "Bai12\Bai12.vcxproj", "{4E2517D8-0003-4967-9119-BDC780383E31}"
EndProject
Project("{8BC9CEB8-8B4A-11D0-8D11-00A0C91BC942}") = "Bai14", "Bai13\Bai13.vcxproj", "{92689BD3-FAB9-49AD-813D-6B32D87A2EA9}"
EndProject
Project("{8BC9CEB8-8B4A-11D0-8D11-00A0C91BC942}") = "Bai16", "Bai14\Bai14.vcxproj", "{DA195BA2-BC15-43C7-92B2-BCD7D827A6C7}"
EndProject
Project("{8BC9CEB8-8B4A-11D0-8D11-00A0C91BC942}") = "Bai18", "Bai18\Bai18.vcxproj", "{B06995F2-9CA5-4FA9-BAA9-AEAF90B32D04}"
EndProject
Project("{8BC9CEB8-8B4A-11D0-8D11-00A0C91BC942}") = "Polymorphism_test_1", "Polymorphism_test\Polymorphism_test.vcxproj", "{0C00239A-14A8-49A3-B3D9-5BFE1D62CD7D}"
EndProject
Project("{8BC9CEB8-8B4A-11D0-8D11-00A0C91BC942}") = "Polymorphism_test_2", "Polymorphism_test_2\Polymorphism_test_2.vcxproj", "{60DC6FD2-7871-443B-B636-891DE11941EA}"
EndProject
Project("{8BC9CEB8-8B4A-11D0-8D11-00A0C91BC942}") = "Polymorphism_test_3", "Polymorphism_test_3\Polymorphism_test_3.vcxproj", "{E622A909-96C6-415C-B4ED-DD0597294D64}"
EndProject
Project("{8BC9CEB8-8B4A-11D0-8D11-00A0C91BC942}") = "Polymorphism_test_4", "Polymorphism_test_4\Polymorphism_test_4.vcxproj", "{DCA2FFF7-E903-4933-88E1-599D23002A16}"
EndProject
Global
	GlobalSection(SolutionConfigurationPlatforms) = preSolution
		Debug|x64 = Debug|x64
		Debug|x86 = Debug|x86
		Release|x64 = Release|x64
		Release|x86 = Release|x86
	EndGlobalSection
	GlobalSection(ProjectConfigurationPlatforms) = postSolution
		{93A44311-FA0F-4CB9-BF6E-BC98909568DF}.Debug|x64.ActiveCfg = Debug|x64
		{93A44311-FA0F-4CB9-BF6E-BC98909568DF}.Debug|x64.Build.0 = Debug|x64
		{93A44311-FA0F-4CB9-BF6E-BC98909568DF}.Debug|x86.ActiveCfg = Debug|Win32
		{93A44311-FA0F-4CB9-BF6E-BC98909568DF}.Debug|x86.Build.0 = Debug|Win32
		{93A44311-FA0F-4CB9-BF6E-BC98909568DF}.Release|x64.ActiveCfg = Release|x64
		{93A44311-FA0F-4CB9-BF6E-BC98909568DF}.Release|x64.Build.0 = Release|x64
		{93A44311-FA0F-4CB9-BF6E-BC98909568DF}.Release|x86.ActiveCfg = Release|Win32
		{93A44311-FA0F-4CB9-BF6E-BC98909568DF}.Release|x86.Build.0 = Release|Win32
		{4C320B14-8B56-41BC-A4F2-E689AE42D8DC}.Debug|x64.ActiveCfg = Debug|x64
		{4C320B14-8B56-41BC-A4F2-E689AE42D8DC}.Debug|x64.Build.0 = Debug|x64
		{4C320B14-8B56-41BC-A4F2-E689AE42D8DC}.Debug|x86.ActiveCfg = Debug|Win32
		{4C320B14-8B56-41BC-A4F2-E689AE42D8DC}.Debug|x86.Build.0 = Debug|Win32
		{4C320B14-8B56-41BC-A4F2-E689AE42D8DC}.Release|x64.ActiveCfg = Release|x64
		{4C320B14-8B56-41BC-A4F2-E689AE42D8DC}.Release|x64.Build.0 = Release|x64
		{4C320B14-8B56-41BC-A4F2-E689AE42D8DC}.Release|x86.ActiveCfg = Release|Win32
		{4C320B14-8B56-41BC-A4F2-E689AE42D8DC}.Release|x86.Build.0 = Release|Win32
		{F7FCA01A-1187-4C13-B320-1A10256E4407}.Debug|x64.ActiveCfg = Debug|x64
		{F7FCA01A-1187-4C13-B320-1A10256E4407}.Debug|x64.Build.0 = Debug|x64
		{F7FCA01A-1187-4C13-B320-1A10256E4407}.Debug|x86.ActiveCfg = Debug|Win32
		{F7FCA01A-1187-4C13-B320-1A10256E4407}.Debug|x86.Build.0 = Debug|Win32
		{F7FCA01A-1187-4C13-B320-1A10256E4407}.Release|x64.ActiveCfg = Release|x64
		{F7FCA01A-1187-4C13-B320-1A10256E4407}.Release|x64.Build.0 = Release|x64
		{F7FCA01A-1187-4C13-B320-1A10256E4407}.Release|x86.ActiveCfg = Release|Win32
		{F7FCA01A-1187-4C13-B320-1A10256E4407}.Release|x86.Build.0 = Release|Win32
		{1362BB39-C487-4CD2-A429-57A7EB08B205}.Debug|x64.ActiveCfg = Debug|x64
		{1362BB39-C487-4CD2-A429-57A7EB08B205}.Debug|x64.Build.0 = Debug|x64
		{1362BB39-C487-4CD2-A429-57A7EB08B205}.Debug|x86.ActiveCfg = Debug|Win32
		{1362BB39-C487-4CD2-A429-57A7EB08B205}.Debug|x86.Build.0 = Debug|Win32
		{1362BB39-C487-4CD2-A429-57A7EB08B205}.Release|x64.ActiveCfg = Release|x64
		{1362BB39-C487-4CD2-A429-57A7EB08B205}.Release|x64.Build.0 = Release|x64
		{1362BB39-C487-4CD2-A429-57A7EB08B205}.Release|x86.ActiveCfg = Release|Win32
		{1362BB39-C487-4CD2-A429-57A7EB08B205}.Release|x86.Build.0 = Release|Win32
		{03C50BFA-4C39-447B-BAEE-BEDAF48845D4}.Debug|x64.ActiveCfg = Debug|x64
		{03C50BFA-4C39-447B-BAEE-BEDAF48845D4}.Debug|x64.Build.0 = Debug|x64
		{03C50BFA-4C39-447B-BAEE-BEDAF48845D4}.Debug|x86.ActiveCfg = Debug|Win32
		{03C50BFA-4C39-447B-BAEE-BEDAF48845D4}.Debug|x86.Build.0 = Debug|Win32
		{03C50BFA-4C39-447B-BAEE-BEDAF48845D4}.Release|x64.ActiveCfg = Release|x64
		{03C50BFA-4C39-447B-BAEE-BEDAF48845D4}.Release|x64.Build.0 = Release|x64
		{03C50BFA-4C39-447B-BAEE-BEDAF48845D4}.Release|x86.ActiveCfg = Release|Win32
		{03C50BFA-4C39-447B-BAEE-BEDAF48845D4}.Release|x86.Build.0 = Release|Win32
		{C4199857-9F32-4594-A7C4-35A7C3A18739}.Debug|x64.ActiveCfg = Debug|x64
		{C4199857-9F32-4594-A7C4-35A7C3A18739}.Debug|x64.Build.0 = Debug|x64
		{C4199857-9F32-4594-A7C4-35A7C3A18739}.Debug|x86.ActiveCfg = Debug|Win32
		{C4199857-9F32-4594-A7C4-35A7C3A18739}.Debug|x86.Build.0 = Debug|Win32
		{C4199857-9F32-4594-A7C4-35A7C3A18739}.Release|x64.ActiveCfg = Release|x64
		{C4199857-9F32-4594-A7C4-35A7C3A18739}.Release|x64.Build.0 = Release|x64
		{C4199857-9F32-4594-A7C4-35A7C3A18739}.Release|x86.ActiveCfg = Release|Win32
		{C4199857-9F32-4594-A7C4-35A7C3A18739}.Release|x86.Build.0 = Release|Win32
		{2D30F004-B4DB-4414-B120-E1AB53764B60}.Debug|x64.ActiveCfg = Debug|x64
		{2D30F004-B4DB-4414-B120-E1AB53764B60}.Debug|x64.Build.0 = Debug|x64
		{2D30F004-B4DB-4414-B120-E1AB53764B60}.Debug|x86.ActiveCfg = Debug|Win32
		{2D30F004-B4DB-4414-B120-E1AB53764B60}.Debug|x86.Build.0 = Debug|Win32
		{2D30F004-B4DB-4414-B120-E1AB53764B60}.Release|x64.ActiveCfg = Release|x64
		{2D30F004-B4DB-4414-B120-E1AB53764B60}.Release|x64.Build.0 = Release|x64
		{2D30F004-B4DB-4414-B120-E1AB53764B60}.Release|x86.ActiveCfg = Release|Win32
		{2D30F004-B4DB-4414-B120-E1AB53764B60}.Release|x86.Build.0 = Release|Win32
		{44840DC3-46CF-4987-A2E2-F010FA416217}.Debug|x64.ActiveCfg = Debug|x64
		{44840DC3-46CF-4987-A2E2-F010FA416217}.Debug|x64.Build.0 = Debug|x64
		{44840DC3-46CF-4987-A2E2-F010FA416217}.Debug|x86.ActiveCfg = Debug|Win32
		{44840DC3-46CF-4987-A2E2-F010FA416217}.Debug|x86.Build.0 = Debug|Win32
		{44840DC3-46CF-4987-A2E2-F010FA416217}.Release|x64.ActiveCfg = Release|x64
		{44840DC3-46CF-4987-A2E2-F010FA416217}.Release|x64.Build.0 = Release|x64
		{44840DC3-46CF-4987-A2E2-F010FA416217}.Release|x86.ActiveCfg = Release|Win32
		{44840DC3-46CF-4987-A2E2-F010FA416217}.Release|x86.Build.0 = Release|Win32
		{1A600C86-6ABD-4AB0-BC86-458A69CDA30F}.Debug|x64.ActiveCfg = Debug|x64
		{1A600C86-6ABD-4AB0-BC86-458A69CDA30F}.Debug|x64.Build.0 = Debug|x64
		{1A600C86-6ABD-4AB0-BC86-458A69CDA30F}.Debug|x86.ActiveCfg = Debug|Win32
		{1A600C86-6ABD-4AB0-BC86-458A69CDA30F}.Debug|x86.Build.0 = Debug|Win32
		{1A600C86-6ABD-4AB0-BC86-458A69CDA30F}.Release|x64.ActiveCfg = Release|x64
		{1A600C86-6ABD-4AB0-BC86-458A69CDA30F}.Release|x64.Build.0 = Release|x64
		{1A600C86-6ABD-4AB0-BC86-458A69CDA30F}.Release|x86.ActiveCfg = Release|Win32
		{1A600C86-6ABD-4AB0-BC86-458A69CDA30F}.Release|x86.Build.0 = Release|Win32
		{1398C939-3731-43C2-B391-1B695A49F5A2}.Debug|x64.ActiveCfg = Debug|x64
		{1398C939-3731-43C2-B391-1B695A49F5A2}.Debug|x64.Build.0 = Debug|x64
		{1398C939-3731-43C2-B391-1B695A49F5A2}.Debug|x86.ActiveCfg = Debug|Win32
		{1398C939-3731-43C2-B391-1B695A49F5A2}.Debug|x86.Build.0 = Debug|Win32
		{1398C939-3731-43C2-B391-1B695A49F5A2}.Release|x64.ActiveCfg = Release|x64
		{1398C939-3731-43C2-B391-1B695A49F5A2}.Release|x64.Build.0 = Release|x64
		{1398C939-3731-43C2-B391-1B695A49F5A2}.Release|x86.ActiveCfg = Release|Win32
		{1398C939-3731-43C2-B391-1B695A49F5A2}.Release|x86.Build.0 = Release|Win32
		{3A8B4D54-5A71-4A76-9997-D9672934AB42}.Debug|x64.ActiveCfg = Debug|x64
		{3A8B4D54-5A71-4A76-9997-D9672934AB42}.Debug|x64.Build.0 = Debug|x64
		{3A8B4D54-5A71-4A76-9997-D9672934AB42}.Debug|x86.ActiveCfg = Debug|Win32
		{3A8B4D54-5A71-4A76-9997-D9672934AB42}.Debug|x86.Build.0 = Debug|Win32
		{3A8B4D54-5A71-4A76-9997-D9672934AB42}.Release|x64.ActiveCfg = Release|x64
		{3A8B4D54-5A71-4A76-9997-D9672934AB42}.Release|x64.Build.0 = Release|x64
		{3A8B4D54-5A71-4A76-9997-D9672934AB42}.Release|x86.ActiveCfg = Release|Win32
		{3A8B4D54-5A71-4A76-9997-D9672934AB42}.Release|x86.Build.0 = Release|Win32
		{4E2517D8-0003-4967-9119-BDC780383E31}.Debug|x64.ActiveCfg = Debug|x64
		{4E2517D8-0003-4967-9119-BDC780383E31}.Debug|x64.Build.0 = Debug|x64
		{4E2517D8-0003-4967-9119-BDC780383E31}.Debug|x86.ActiveCfg = Debug|Win32
		{4E2517D8-0003-4967-9119-BDC780383E31}.Debug|x86.Build.0 = Debug|Win32
		{4E2517D8-0003-4967-9119-BDC780383E31}.Release|x64.ActiveCfg = Release|x64
		{4E2517D8-0003-4967-9119-BDC780383E31}.Release|x64.Build.0 = Release|x64
		{4E2517D8-0003-4967-9119-BDC780383E31}.Release|x86.ActiveCfg = Release|Win32
		{4E2517D8-0003-4967-9119-BDC780383E31}.Release|x86.Build.0 = Release|Win32
		{92689BD3-FAB9-49AD-813D-6B32D87A2EA9}.Debug|x64.ActiveCfg = Debug|x64
		{92689BD3-FAB9-49AD-813D-6B32D87A2EA9}.Debug|x64.Build.0 = Debug|x64
		{92689BD3-FAB9-49AD-813D-6B32D87A2EA9}.Debug|x86.ActiveCfg = Debug|Win32
		{92689BD3-FAB9-49AD-813D-6B32D87A2EA9}.Debug|x86.Build.0 = Debug|Win32
		{92689BD3-FAB9-49AD-813D-6B32D87A2EA9}.Release|x64.ActiveCfg = Release|x64
		{92689BD3-FAB9-49AD-813D-6B32D87A2EA9}.Release|x64.Build.0 = Release|x64
		{92689BD3-FAB9-49AD-813D-6B32D87A2EA9}.Release|x86.ActiveCfg = Release|Win32
		{92689BD3-FAB9-49AD-813D-6B32D87A2EA9}.Release|x86.Build.0 = Release|Win32
		{DA195BA2-BC15-43C7-92B2-BCD7D827A6C7}.Debug|x64.ActiveCfg = Debug|x64
		{DA195BA2-BC15-43C7-92B2-BCD7D827A6C7}.Debug|x64.Build.0 = Debug|x64
		{DA195BA2-BC15-43C7-92B2-BCD7D827A6C7}.Debug|x86.ActiveCfg = Debug|Win32
		{DA195BA2-BC15-43C7-92B2-BCD7D827A6C7}.Debug|x86.Build.0 = Debug|Win32
		{DA195BA2-BC15-43C7-92B2-BCD7D827A6C7}.Release|x64.ActiveCfg = Release|x64
		{DA195BA2-BC15-43C7-92B2-BCD7D827A6C7}.Release|x64.Build.0 = Release|x64
		{DA195BA2-BC15-43C7-92B2-BCD7D827A6C7}.Release|x86.ActiveCfg = Release|Win32
		{DA195BA2-BC15-43C7-92B2-BCD7D827A6C7}.Release|x86.Build.0 = Release|Win32
		{B06995F2-9CA5-4FA9-BAA9-AEAF90B32D04}.Debug|x64.ActiveCfg = Debug|x64
		{B06995F2-9CA5-4FA9-BAA9-AEAF90B32D04}.Debug|x64.Build.0 = Debug|x64
		{B06995F2-9CA5-4FA9-BAA9-AEAF90B32D04}.Debug|x86.ActiveCfg = Debug|Win32
		{B06995F2-9CA5-4FA9-BAA9-AEAF90B32D04}.Debug|x86.Build.0 = Debug|Win32
		{B06995F2-9CA5-4FA9-BAA9-AEAF90B32D04}.Release|x64.ActiveCfg = Release|x64
		{B06995F2-9CA5-4FA9-BAA9-AEAF90B32D04}.Release|x64.Build.0 = Release|x64
		{B06995F2-9CA5-4FA9-BAA9-AEAF90B32D04}.Release|x86.ActiveCfg = Release|Win32
		{B06995F2-9CA5-4FA9-BAA9-AEAF90B32D04}.Release|x86.Build.0 = Release|Win32
		{0C00239A-14A8-49A3-B3D9-5BFE1D62CD7D}.Debug|x64.ActiveCfg = Debug|x64
		{0C00239A-14A8-49A3-B3D9-5BFE1D62CD7D}.Debug|x64.Build.0 = Debug|x64
		{0C00239A-14A8-49A3-B3D9-5BFE1D62CD7D}.Debug|x86.ActiveCfg = Debug|Win32
		{0C00239A-14A8-49A3-B3D9-5BFE1D62CD7D}.Debug|x86.Build.0 = Debug|Win32
		{0C00239A-14A8-49A3-B3D9-5BFE1D62CD7D}.Release|x64.ActiveCfg = Release|x64
		{0C00239A-14A8-49A3-B3D9-5BFE1D62CD7D}.Release|x64.Build.0 = Release|x64
		{0C00239A-14A8-49A3-B3D9-5BFE1D62CD7D}.Release|x86.ActiveCfg = Release|Win32
		{0C00239A-14A8-49A3-B3D9-5BFE1D62CD7D}.Release|x86.Build.0 = Release|Win32
		{60DC6FD2-7871-443B-B636-891DE11941EA}.Debug|x64.ActiveCfg = Debug|x64
		{60DC6FD2-7871-443B-B636-891DE11941EA}.Debug|x64.Build.0 = Debug|x64
		{60DC6FD2-7871-443B-B636-891DE11941EA}.Debug|x86.ActiveCfg = Debug|Win32
		{60DC6FD2-7871-443B-B636-891DE11941EA}.Debug|x86.Build.0 = Debug|Win32
		{60DC6FD2-7871-443B-B636-891DE11941EA}.Release|x64.ActiveCfg = Release|x64
		{60DC6FD2-7871-443B-B636-891DE11941EA}.Release|x64.Build.0 = Release|x64
		{60DC6FD2-7871-443B-B636-891DE11941EA}.Release|x86.ActiveCfg = Release|Win32
		{60DC6FD2-7871-443B-B636-891DE11941EA}.Release|x86.Build.0 = Release|Win32
		{E622A909-96C6-415C-B4ED-DD0597294D64}.Debug|x64.ActiveCfg = Debug|x64
		{E622A909-96C6-415C-B4ED-DD0597294D64}.Debug|x64.Build.0 = Debug|x64
		{E622A909-96C6-415C-B4ED-DD0597294D64}.Debug|x86.ActiveCfg = Debug|Win32
		{E622A909-96C6-415C-B4ED-DD0597294D64}.Debug|x86.Build.0 = Debug|Win32
		{E622A909-96C6-415C-B4ED-DD0597294D64}.Release|x64.ActiveCfg = Release|x64
		{E622A909-96C6-415C-B4ED-DD0597294D64}.Release|x64.Build.0 = Release|x64
		{E622A909-96C6-415C-B4ED-DD0597294D64}.Release|x86.ActiveCfg = Release|Win32
		{E622A909-96C6-415C-B4ED-DD0597294D64}.Release|x86.Build.0 = Release|Win32
		{DCA2FFF7-E903-4933-88E1-599D23002A16}.Debug|x64.ActiveCfg = Debug|x64
		{DCA2FFF7-E903-4933-88E1-599D23002A16}.Debug|x64.Build.0 = Debug|x64
		{DCA2FFF7-E903-4933-88E1-599D23002A16}.Debug|x86.ActiveCfg = Debug|Win32
		{DCA2FFF7-E903-4933-88E1-599D23002A16}.Debug|x86.Build.0 = Debug|Win32
		{DCA2FFF7-E903-4933-88E1-599D23002A16}.Release|x64.ActiveCfg = Release|x64
		{DCA2FFF7-E903-4933-88E1-599D23002A16}.Release|x64.Build.0 = Release|x64
		{DCA2FFF7-E903-4933-88E1-599D23002A16}.Release|x86.ActiveCfg = Release|Win32
		{DCA2FFF7-E903-4933-88E1-599D23002A16}.Release|x86.Build.0 = Release|Win32
	EndGlobalSection
	GlobalSection(SolutionProperties) = preSolution
		HideSolutionNode = FALSE
	EndGlobalSection
	GlobalSection(ExtensibilityGlobals) = postSolution
		SolutionGuid = {994F9723-CC81-49FC-B31C-2D8C7FBC1FDC}
	EndGlobalSection
EndGlobal
